
Microsoft Visual Studio Solution File, Format Version 12.00
# Visual Studio Version 16
VisualStudioVersion = 16.0.29519.87
MinimumVisualStudioVersion = 10.0.40219.1
Project("{9A19103F-16F7-4668-BE54-9A1E7A4F7556}") = "REST.API", "RESTApi\REST.API.csproj", "{B0914AE2-A149-417F-95AE-D27026D6B2EB}"
EndProject
Project("{2150E333-8FDC-42A3-9474-1A3956D46DE8}") = "src", "src", "{FC3D6FF1-F8A3-49F4-A33B-C04DA62617B4}"
EndProject
Project("{2150E333-8FDC-42A3-9474-1A3956D46DE8}") = "1-Services", "1-Services", "{663FF68D-6A43-421C-8E1F-50EC4C2830F0}"
EndProject
Project("{2150E333-8FDC-42A3-9474-1A3956D46DE8}") = "2-Application", "2-Application", "{41F4E2D8-0B71-461E-A098-68F833FE3EAF}"
EndProject
Project("{2150E333-8FDC-42A3-9474-1A3956D46DE8}") = "3-Domain", "3-Domain", "{CF136693-BEEE-4662-9064-67F3A375487A}"
EndProject
Project("{2150E333-8FDC-42A3-9474-1A3956D46DE8}") = "4-Infra", "4-Infra", "{0F9C5ED6-A9D0-4ECA-85D1-B50F4AAB9672}"
EndProject
Project("{2150E333-8FDC-42A3-9474-1A3956D46DE8}") = "5-Tests", "5-Tests", "{D5520755-C895-42A5-93F1-BA32B5462182}"
EndProject
Project("{9A19103F-16F7-4668-BE54-9A1E7A4F7556}") = "Domain", "Domain\Domain.csproj", "{CFBB8C67-B42B-4954-B505-3B2159B6E65B}"
EndProject
Project("{FAE04EC0-301F-11D3-BF4B-00C04F79EFBC}") = "Application", "Application\Application.csproj", "{7057B792-95D5-4EA6-9D9F-B6F6D8310C78}"
EndProject
Project("{FAE04EC0-301F-11D3-BF4B-00C04F79EFBC}") = "Data", "Repository\Data.csproj", "{5714CD05-5A69-41F9-9805-EC208BEE872B}"
EndProject
Project("{FAE04EC0-301F-11D3-BF4B-00C04F79EFBC}") = "IoC", "IoC\IoC.csproj", "{F3B0532C-787B-41C8-8392-3AAB33677CFB}"
EndProject
Global
	GlobalSection(SolutionConfigurationPlatforms) = preSolution
		Debug|Any CPU = Debug|Any CPU
		Release|Any CPU = Release|Any CPU
	EndGlobalSection
	GlobalSection(ProjectConfigurationPlatforms) = postSolution
		{B0914AE2-A149-417F-95AE-D27026D6B2EB}.Debug|Any CPU.ActiveCfg = Debug|Any CPU
		{B0914AE2-A149-417F-95AE-D27026D6B2EB}.Debug|Any CPU.Build.0 = Debug|Any CPU
		{B0914AE2-A149-417F-95AE-D27026D6B2EB}.Release|Any CPU.ActiveCfg = Release|Any CPU
		{B0914AE2-A149-417F-95AE-D27026D6B2EB}.Release|Any CPU.Build.0 = Release|Any CPU
		{CFBB8C67-B42B-4954-B505-3B2159B6E65B}.Debug|Any CPU.ActiveCfg = Debug|Any CPU
		{CFBB8C67-B42B-4954-B505-3B2159B6E65B}.Debug|Any CPU.Build.0 = Debug|Any CPU
		{CFBB8C67-B42B-4954-B505-3B2159B6E65B}.Release|Any CPU.ActiveCfg = Release|Any CPU
		{CFBB8C67-B42B-4954-B505-3B2159B6E65B}.Release|Any CPU.Build.0 = Release|Any CPU
		{7057B792-95D5-4EA6-9D9F-B6F6D8310C78}.Debug|Any CPU.ActiveCfg = Debug|Any CPU
		{7057B792-95D5-4EA6-9D9F-B6F6D8310C78}.Debug|Any CPU.Build.0 = Debug|Any CPU
		{7057B792-95D5-4EA6-9D9F-B6F6D8310C78}.Release|Any CPU.ActiveCfg = Release|Any CPU
		{7057B792-95D5-4EA6-9D9F-B6F6D8310C78}.Release|Any CPU.Build.0 = Release|Any CPU
		{5714CD05-5A69-41F9-9805-EC208BEE872B}.Debug|Any CPU.ActiveCfg = Debug|Any CPU
		{5714CD05-5A69-41F9-9805-EC208BEE872B}.Debug|Any CPU.Build.0 = Debug|Any CPU
		{5714CD05-5A69-41F9-9805-EC208BEE872B}.Release|Any CPU.ActiveCfg = Release|Any CPU
		{5714CD05-5A69-41F9-9805-EC208BEE872B}.Release|Any CPU.Build.0 = Release|Any CPU
		{F3B0532C-787B-41C8-8392-3AAB33677CFB}.Debug|Any CPU.ActiveCfg = Debug|Any CPU
		{F3B0532C-787B-41C8-8392-3AAB33677CFB}.Debug|Any CPU.Build.0 = Debug|Any CPU
		{F3B0532C-787B-41C8-8392-3AAB33677CFB}.Release|Any CPU.ActiveCfg = Release|Any CPU
		{F3B0532C-787B-41C8-8392-3AAB33677CFB}.Release|Any CPU.Build.0 = Release|Any CPU
	EndGlobalSection
	GlobalSection(SolutionProperties) = preSolution
		HideSolutionNode = FALSE
	EndGlobalSection
	GlobalSection(NestedProjects) = preSolution
		{B0914AE2-A149-417F-95AE-D27026D6B2EB} = {663FF68D-6A43-421C-8E1F-50EC4C2830F0}
		{663FF68D-6A43-421C-8E1F-50EC4C2830F0} = {FC3D6FF1-F8A3-49F4-A33B-C04DA62617B4}
		{41F4E2D8-0B71-461E-A098-68F833FE3EAF} = {FC3D6FF1-F8A3-49F4-A33B-C04DA62617B4}
		{CF136693-BEEE-4662-9064-67F3A375487A} = {FC3D6FF1-F8A3-49F4-A33B-C04DA62617B4}
		{0F9C5ED6-A9D0-4ECA-85D1-B50F4AAB9672} = {FC3D6FF1-F8A3-49F4-A33B-C04DA62617B4}
		{D5520755-C895-42A5-93F1-BA32B5462182} = {FC3D6FF1-F8A3-49F4-A33B-C04DA62617B4}
		{CFBB8C67-B42B-4954-B505-3B2159B6E65B} = {CF136693-BEEE-4662-9064-67F3A375487A}
		{7057B792-95D5-4EA6-9D9F-B6F6D8310C78} = {41F4E2D8-0B71-461E-A098-68F833FE3EAF}
		{5714CD05-5A69-41F9-9805-EC208BEE872B} = {0F9C5ED6-A9D0-4ECA-85D1-B50F4AAB9672}
		{F3B0532C-787B-41C8-8392-3AAB33677CFB} = {0F9C5ED6-A9D0-4ECA-85D1-B50F4AAB9672}
	EndGlobalSection
	GlobalSection(ExtensibilityGlobals) = postSolution
		SolutionGuid = {4366F94B-719E-4A44-940F-C30548EEAABE}
	EndGlobalSection
EndGlobal
