
Microsoft Visual Studio Solution File, Format Version 12.00
# Visual Studio Version 16
VisualStudioVersion = 16.0.29519.87
MinimumVisualStudioVersion = 10.0.40219.1
Project("{9A19103F-16F7-4668-BE54-9A1E7A4F7556}") = "REST.API", "RESTApi\REST.API.csproj", "{B0914AE2-A149-417F-95AE-D27026D6B2EB}"
EndProject
Project("{2150E333-8FDC-42A3-9474-1A3956D46DE8}") = "src", "src", "{FC3D6FF1-F8A3-49F4-A33B-C04DA62617B4}"
EndProject
Project("{2150E333-8FDC-42A3-9474-1A3956D46DE8}") = "1-Services", "1-Services", "{663FF68D-6A43-421C-8E1F-50EC4C2830F0}"
EndProject
Project("{2150E333-8FDC-42A3-9474-1A3956D46DE8}") = "2-Application", "2-Application", "{41F4E2D8-0B71-461E-A098-68F833FE3EAF}"
EndProject
Project("{2150E333-8FDC-42A3-9474-1A3956D46DE8}") = "3-Domain", "3-Domain", "{CF136693-BEEE-4662-9064-67F3A375487A}"
EndProject
Project("{2150E333-8FDC-42A3-9474-1A3956D46DE8}") = "4-Infra", "4-Infra", "{0F9C5ED6-A9D0-4ECA-85D1-B50F4AAB9672}"
EndProject
Project("{2150E333-8FDC-42A3-9474-1A3956D46DE8}") = "5-Tests", "5-Tests", "{D5520755-C895-42A5-93F1-BA32B5462182}"
EndProject
Global
	GlobalSection(SolutionConfigurationPlatforms) = preSolution
		Debug|Any CPU = Debug|Any CPU
		Release|Any CPU = Release|Any CPU
	EndGlobalSection
	GlobalSection(ProjectConfigurationPlatforms) = postSolution
		{B0914AE2-A149-417F-95AE-D27026D6B2EB}.Debug|Any CPU.ActiveCfg = Debug|Any CPU
		{B0914AE2-A149-417F-95AE-D27026D6B2EB}.Debug|Any CPU.Build.0 = Debug|Any CPU
		{B0914AE2-A149-417F-95AE-D27026D6B2EB}.Release|Any CPU.ActiveCfg = Release|Any CPU
		{B0914AE2-A149-417F-95AE-D27026D6B2EB}.Release|Any CPU.Build.0 = Release|Any CPU
	EndGlobalSection
	GlobalSection(SolutionProperties) = preSolution
		HideSolutionNode = FALSE
	EndGlobalSection
	GlobalSection(NestedProjects) = preSolution
		{B0914AE2-A149-417F-95AE-D27026D6B2EB} = {663FF68D-6A43-421C-8E1F-50EC4C2830F0}
		{663FF68D-6A43-421C-8E1F-50EC4C2830F0} = {FC3D6FF1-F8A3-49F4-A33B-C04DA62617B4}
		{41F4E2D8-0B71-461E-A098-68F833FE3EAF} = {FC3D6FF1-F8A3-49F4-A33B-C04DA62617B4}
		{CF136693-BEEE-4662-9064-67F3A375487A} = {FC3D6FF1-F8A3-49F4-A33B-C04DA62617B4}
		{0F9C5ED6-A9D0-4ECA-85D1-B50F4AAB9672} = {FC3D6FF1-F8A3-49F4-A33B-C04DA62617B4}
		{D5520755-C895-42A5-93F1-BA32B5462182} = {FC3D6FF1-F8A3-49F4-A33B-C04DA62617B4}
	EndGlobalSection
	GlobalSection(ExtensibilityGlobals) = postSolution
		SolutionGuid = {4366F94B-719E-4A44-940F-C30548EEAABE}
	EndGlobalSection
EndGlobal
